
Microsoft Visual Studio Solution File, Format Version 12.00
# Visual Studio Version 17
VisualStudioVersion = 17.10.35122.118
MinimumVisualStudioVersion = 10.0.40219.1
Project("{FAE04EC0-301F-11D3-BF4B-00C04F79EFBC}") = "CryptoToolsAPI", "CryptoToolsAPI\CryptoToolsAPI.csproj", "{E9EA2374-A783-4141-A1A8-E9CD86B56CAC}"
EndProject
Global
	GlobalSection(SolutionConfigurationPlatforms) = preSolution
		Debug|Any CPU = Debug|Any CPU
		Release|Any CPU = Release|Any CPU
	EndGlobalSection
	GlobalSection(ProjectConfigurationPlatforms) = postSolution
		{E9EA2374-A783-4141-A1A8-E9CD86B56CAC}.Debug|Any CPU.ActiveCfg = Debug|Any CPU
		{E9EA2374-A783-4141-A1A8-E9CD86B56CAC}.Debug|Any CPU.Build.0 = Debug|Any CPU
		{E9EA2374-A783-4141-A1A8-E9CD86B56CAC}.Release|Any CPU.ActiveCfg = Release|Any CPU
		{E9EA2374-A783-4141-A1A8-E9CD86B56CAC}.Release|Any CPU.Build.0 = Release|Any CPU
	EndGlobalSection
	GlobalSection(SolutionProperties) = preSolution
		HideSolutionNode = FALSE
	EndGlobalSection
	GlobalSection(ExtensibilityGlobals) = postSolution
		SolutionGuid = {316DE47D-B76E-4F41-B5D0-2B75C3F644B0}
	EndGlobalSection
EndGlobal
